
Microsoft Visual Studio Solution File, Format Version 12.00
# Visual Studio Version 17
VisualStudioVersion = 17.5.33424.131
MinimumVisualStudioVersion = 10.0.40219.1
Project("{FAE04EC0-301F-11D3-BF4B-00C04F79EFBC}") = "the_digital_watch", "the_digital_watch.csproj", "{850FA709-F4D7-4403-AA66-47941B3FFCE9}"
EndProject
Global
	GlobalSection(SolutionConfigurationPlatforms) = preSolution
		Debug|Any CPU = Debug|Any CPU
		Release|Any CPU = Release|Any CPU
	EndGlobalSection
	GlobalSection(ProjectConfigurationPlatforms) = postSolution
		{850FA709-F4D7-4403-AA66-47941B3FFCE9}.Debug|Any CPU.ActiveCfg = Debug|Any CPU
		{850FA709-F4D7-4403-AA66-47941B3FFCE9}.Debug|Any CPU.Build.0 = Debug|Any CPU
		{850FA709-F4D7-4403-AA66-47941B3FFCE9}.Release|Any CPU.ActiveCfg = Release|Any CPU
		{850FA709-F4D7-4403-AA66-47941B3FFCE9}.Release|Any CPU.Build.0 = Release|Any CPU
	EndGlobalSection
	GlobalSection(SolutionProperties) = preSolution
		HideSolutionNode = FALSE
	EndGlobalSection
	GlobalSection(ExtensibilityGlobals) = postSolution
		SolutionGuid = {3F3A9358-0593-4AFF-95CB-C1CA7C6E0A08}
	EndGlobalSection
EndGlobal
